// !$*UTF8*$!
{
	archiveVersion = 1;
	classes = {
	};
	objectVersion = 50;
	objects = {

/* Begin PBXBuildFile section */
		844068D8273A060100C10093 /* TouchDownApp.swift in Sources */ = {isa = PBXBuildFile; fileRef = 844068D7273A060100C10093 /* TouchDownApp.swift */; };
		844068DA273A060100C10093 /* ContentView.swift in Sources */ = {isa = PBXBuildFile; fileRef = 844068D9273A060100C10093 /* ContentView.swift */; };
		844068DC273A060300C10093 /* Assets.xcassets in Resources */ = {isa = PBXBuildFile; fileRef = 844068DB273A060300C10093 /* Assets.xcassets */; };
		844068DF273A060300C10093 /* Preview Assets.xcassets in Resources */ = {isa = PBXBuildFile; fileRef = 844068DE273A060300C10093 /* Preview Assets.xcassets */; };
		844068EA273A060300C10093 /* TouchDownTests.swift in Sources */ = {isa = PBXBuildFile; fileRef = 844068E9273A060300C10093 /* TouchDownTests.swift */; };
		844068F5273A060300C10093 /* TouchDownUITests.swift in Sources */ = {isa = PBXBuildFile; fileRef = 844068F4273A060300C10093 /* TouchDownUITests.swift */; };
/* End PBXBuildFile section */

/* Begin PBXContainerItemProxy section */
		844068E6273A060300C10093 /* PBXContainerItemProxy */ = {
			isa = PBXContainerItemProxy;
			containerPortal = 844068CC273A060100C10093 /* Project object */;
			proxyType = 1;
			remoteGlobalIDString = 844068D3273A060100C10093;
			remoteInfo = TouchDown;
		};
		844068F1273A060300C10093 /* PBXContainerItemProxy */ = {
			isa = PBXContainerItemProxy;
			containerPortal = 844068CC273A060100C10093 /* Project object */;
			proxyType = 1;
			remoteGlobalIDString = 844068D3273A060100C10093;
			remoteInfo = TouchDown;
		};
/* End PBXContainerItemProxy section */

/* Begin PBXFileReference section */
		844068D4273A060100C10093 /* TouchDown.app */ = {isa = PBXFileReference; explicitFileType = wrapper.application; includeInIndex = 0; path = TouchDown.app; sourceTree = BUILT_PRODUCTS_DIR; };
		844068D7273A060100C10093 /* TouchDownApp.swift */ = {isa = PBXFileReference; lastKnownFileType = sourcecode.swift; path = TouchDownApp.swift; sourceTree = "<group>"; };
		844068D9273A060100C10093 /* ContentView.swift */ = {isa = PBXFileReference; lastKnownFileType = sourcecode.swift; path = ContentView.swift; sourceTree = "<group>"; };
		844068DB273A060300C10093 /* Assets.xcassets */ = {isa = PBXFileReference; lastKnownFileType = folder.assetcatalog; path = Assets.xcassets; sourceTree = "<group>"; };
		844068DE273A060300C10093 /* Preview Assets.xcassets */ = {isa = PBXFileReference; lastKnownFileType = folder.assetcatalog; path = "Preview Assets.xcassets"; sourceTree = "<group>"; };
		844068E0273A060300C10093 /* Info.plist */ = {isa = PBXFileReference; lastKnownFileType = text.plist.xml; path = Info.plist; sourceTree = "<group>"; };
		844068E5273A060300C10093 /* TouchDownTests.xctest */ = {isa = PBXFileReference; explicitFileType = wrapper.cfbundle; includeInIndex = 0; path = TouchDownTests.xctest; sourceTree = BUILT_PRODUCTS_DIR; };
		844068E9273A060300C10093 /* TouchDownTests.swift */ = {isa = PBXFileReference; lastKnownFileType = sourcecode.swift; path = TouchDownTests.swift; sourceTree = "<group>"; };
		844068EB273A060300C10093 /* Info.plist */ = {isa = PBXFileReference; lastKnownFileType = text.plist.xml; path = Info.plist; sourceTree = "<group>"; };
		844068F0273A060300C10093 /* TouchDownUITests.xctest */ = {isa = PBXFileReference; explicitFileType = wrapper.cfbundle; includeInIndex = 0; path = TouchDownUITests.xctest; sourceTree = BUILT_PRODUCTS_DIR; };
		844068F4273A060300C10093 /* TouchDownUITests.swift */ = {isa = PBXFileReference; lastKnownFileType = sourcecode.swift; path = TouchDownUITests.swift; sourceTree = "<group>"; };
		844068F6273A060300C10093 /* Info.plist */ = {isa = PBXFileReference; lastKnownFileType = text.plist.xml; path = Info.plist; sourceTree = "<group>"; };
/* End PBXFileReference section */

/* Begin PBXFrameworksBuildPhase section */
		844068D1273A060100C10093 /* Frameworks */ = {
			isa = PBXFrameworksBuildPhase;
			buildActionMask = 2147483647;
			files = (
			);
			runOnlyForDeploymentPostprocessing = 0;
		};
		844068E2273A060300C10093 /* Frameworks */ = {
			isa = PBXFrameworksBuildPhase;
			buildActionMask = 2147483647;
			files = (
			);
			runOnlyForDeploymentPostprocessing = 0;
		};
		844068ED273A060300C10093 /* Frameworks */ = {
			isa = PBXFrameworksBuildPhase;
			buildActionMask = 2147483647;
			files = (
			);
			runOnlyForDeploymentPostprocessing = 0;
		};
/* End PBXFrameworksBuildPhase section */

/* Begin PBXGroup section */
		844068CB273A060100C10093 = {
			isa = PBXGroup;
			children = (
				844068D6273A060100C10093 /* TouchDown */,
				844068E8273A060300C10093 /* TouchDownTests */,
				844068F3273A060300C10093 /* TouchDownUITests */,
				844068D5273A060100C10093 /* Products */,
			);
			sourceTree = "<group>";
		};
		844068D5273A060100C10093 /* Products */ = {
			isa = PBXGroup;
			children = (
				844068D4273A060100C10093 /* TouchDown.app */,
				844068E5273A060300C10093 /* TouchDownTests.xctest */,
				844068F0273A060300C10093 /* TouchDownUITests.xctest */,
			);
			name = Products;
			sourceTree = "<group>";
		};
		844068D6273A060100C10093 /* TouchDown */ = {
			isa = PBXGroup;
			children = (
				844068D7273A060100C10093 /* TouchDownApp.swift */,
				844068D9273A060100C10093 /* ContentView.swift */,
				844068DB273A060300C10093 /* Assets.xcassets */,
				844068E0273A060300C10093 /* Info.plist */,
				844068DD273A060300C10093 /* Preview Content */,
			);
			path = TouchDown;
			sourceTree = "<group>";
		};
		844068DD273A060300C10093 /* Preview Content */ = {
			isa = PBXGroup;
			children = (
				844068DE273A060300C10093 /* Preview Assets.xcassets */,
			);
			path = "Preview Content";
			sourceTree = "<group>";
		};
		844068E8273A060300C10093 /* TouchDownTests */ = {
			isa = PBXGroup;
			children = (
				844068E9273A060300C10093 /* TouchDownTests.swift */,
				844068EB273A060300C10093 /* Info.plist */,
			);
			path = TouchDownTests;
			sourceTree = "<group>";
		};
		844068F3273A060300C10093 /* TouchDownUITests */ = {
			isa = PBXGroup;
			children = (
				844068F4273A060300C10093 /* TouchDownUITests.swift */,
				844068F6273A060300C10093 /* Info.plist */,
			);
			path = TouchDownUITests;
			sourceTree = "<group>";
		};
/* End PBXGroup section */

/* Begin PBXNativeTarget section */
		844068D3273A060100C10093 /* TouchDown */ = {
			isa = PBXNativeTarget;
			buildConfigurationList = 844068F9273A060300C10093 /* Build configuration list for PBXNativeTarget "TouchDown" */;
			buildPhases = (
				844068D0273A060100C10093 /* Sources */,
				844068D1273A060100C10093 /* Frameworks */,
				844068D2273A060100C10093 /* Resources */,
			);
			buildRules = (
			);
			dependencies = (
			);
			name = TouchDown;
			productName = TouchDown;
			productReference = 844068D4273A060100C10093 /* TouchDown.app */;
			productType = "com.apple.product-type.application";
		};
		844068E4273A060300C10093 /* TouchDownTests */ = {
			isa = PBXNativeTarget;
			buildConfigurationList = 844068FC273A060300C10093 /* Build configuration list for PBXNativeTarget "TouchDownTests" */;
			buildPhases = (
				844068E1273A060300C10093 /* Sources */,
				844068E2273A060300C10093 /* Frameworks */,
				844068E3273A060300C10093 /* Resources */,
			);
			buildRules = (
			);
			dependencies = (
				844068E7273A060300C10093 /* PBXTargetDependency */,
			);
			name = TouchDownTests;
			productName = TouchDownTests;
			productReference = 844068E5273A060300C10093 /* TouchDownTests.xctest */;
			productType = "com.apple.product-type.bundle.unit-test";
		};
		844068EF273A060300C10093 /* TouchDownUITests */ = {
			isa = PBXNativeTarget;
			buildConfigurationList = 844068FF273A060300C10093 /* Build configuration list for PBXNativeTarget "TouchDownUITests" */;
			buildPhases = (
				844068EC273A060300C10093 /* Sources */,
				844068ED273A060300C10093 /* Frameworks */,
				844068EE273A060300C10093 /* Resources */,
			);
			buildRules = (
			);
			dependencies = (
				844068F2273A060300C10093 /* PBXTargetDependency */,
			);
			name = TouchDownUITests;
			productName = TouchDownUITests;
			productReference = 844068F0273A060300C10093 /* TouchDownUITests.xctest */;
			productType = "com.apple.product-type.bundle.ui-testing";
		};
/* End PBXNativeTarget section */

/* Begin PBXProject section */
		844068CC273A060100C10093 /* Project object */ = {
			isa = PBXProject;
			attributes = {
				LastSwiftUpdateCheck = 1250;
				LastUpgradeCheck = 1250;
				TargetAttributes = {
					844068D3273A060100C10093 = {
						CreatedOnToolsVersion = 12.5.1;
					};
					844068E4273A060300C10093 = {
						CreatedOnToolsVersion = 12.5.1;
						TestTargetID = 844068D3273A060100C10093;
					};
					844068EF273A060300C10093 = {
						CreatedOnToolsVersion = 12.5.1;
						TestTargetID = 844068D3273A060100C10093;
					};
				};
			};
			buildConfigurationList = 844068CF273A060100C10093 /* Build configuration list for PBXProject "TouchDown" */;
			compatibilityVersion = "Xcode 9.3";
			developmentRegion = en;
			hasScannedForEncodings = 0;
			knownRegions = (
				en,
				Base,
			);
			mainGroup = 844068CB273A060100C10093;
			productRefGroup = 844068D5273A060100C10093 /* Products */;
			projectDirPath = "";
			projectRoot = "";
			targets = (
				844068D3273A060100C10093 /* TouchDown */,
				844068E4273A060300C10093 /* TouchDownTests */,
				844068EF273A060300C10093 /* TouchDownUITests */,
			);
		};
/* End PBXProject section */

/* Begin PBXResourcesBuildPhase section */
		844068D2273A060100C10093 /* Resources */ = {
			isa = PBXResourcesBuildPhase;
			buildActionMask = 2147483647;
			files = (
				844068DF273A060300C10093 /* Preview Assets.xcassets in Resources */,
				844068DC273A060300C10093 /* Assets.xcassets in Resources */,
			);
			runOnlyForDeploymentPostprocessing = 0;
		};
		844068E3273A060300C10093 /* Resources */ = {
			isa = PBXResourcesBuildPhase;
			buildActionMask = 2147483647;
			files = (
			);
			runOnlyForDeploymentPostprocessing = 0;
		};
		844068EE273A060300C10093 /* Resources */ = {
			isa = PBXResourcesBuildPhase;
			buildActionMask = 2147483647;
			files = (
			);
			runOnlyForDeploymentPostprocessing = 0;
		};
/* End PBXResourcesBuildPhase section */

/* Begin PBXSourcesBuildPhase section */
		844068D0273A060100C10093 /* Sources */ = {
			isa = PBXSourcesBuildPhase;
			buildActionMask = 2147483647;
			files = (
				844068DA273A060100C10093 /* ContentView.swift in Sources */,
				844068D8273A060100C10093 /* TouchDownApp.swift in Sources */,
			);
			runOnlyForDeploymentPostprocessing = 0;
		};
		844068E1273A060300C10093 /* Sources */ = {
			isa = PBXSourcesBuildPhase;
			buildActionMask = 2147483647;
			files = (
				844068EA273A060300C10093 /* TouchDownTests.swift in Sources */,
			);
			runOnlyForDeploymentPostprocessing = 0;
		};
		844068EC273A060300C10093 /* Sources */ = {
			isa = PBXSourcesBuildPhase;
			buildActionMask = 2147483647;
			files = (
				844068F5273A060300C10093 /* TouchDownUITests.swift in Sources */,
			);
			runOnlyForDeploymentPostprocessing = 0;
		};
/* End PBXSourcesBuildPhase section */

/* Begin PBXTargetDependency section */
		844068E7273A060300C10093 /* PBXTargetDependency */ = {
			isa = PBXTargetDependency;
			target = 844068D3273A060100C10093 /* TouchDown */;
			targetProxy = 844068E6273A060300C10093 /* PBXContainerItemProxy */;
		};
		844068F2273A060300C10093 /* PBXTargetDependency */ = {
			isa = PBXTargetDependency;
			target = 844068D3273A060100C10093 /* TouchDown */;
			targetProxy = 844068F1273A060300C10093 /* PBXContainerItemProxy */;
		};
/* End PBXTargetDependency section */

/* Begin XCBuildConfiguration section */
		844068F7273A060300C10093 /* Debug */ = {
			isa = XCBuildConfiguration;
			buildSettings = {
				ALWAYS_SEARCH_USER_PATHS = NO;
				CLANG_ANALYZER_NONNULL = YES;
				CLANG_ANALYZER_NUMBER_OBJECT_CONVERSION = YES_AGGRESSIVE;
				CLANG_CXX_LANGUAGE_STANDARD = "gnu++14";
				CLANG_CXX_LIBRARY = "libc++";
				CLANG_ENABLE_MODULES = YES;
				CLANG_ENABLE_OBJC_ARC = YES;
				CLANG_ENABLE_OBJC_WEAK = YES;
				CLANG_WARN_BLOCK_CAPTURE_AUTORELEASING = YES;
				CLANG_WARN_BOOL_CONVERSION = YES;
				CLANG_WARN_COMMA = YES;
				CLANG_WARN_CONSTANT_CONVERSION = YES;
				CLANG_WARN_DEPRECATED_OBJC_IMPLEMENTATIONS = YES;
				CLANG_WARN_DIRECT_OBJC_ISA_USAGE = YES_ERROR;
				CLANG_WARN_DOCUMENTATION_COMMENTS = YES;
				CLANG_WARN_EMPTY_BODY = YES;
				CLANG_WARN_ENUM_CONVERSION = YES;
				CLANG_WARN_INFINITE_RECURSION = YES;
				CLANG_WARN_INT_CONVERSION = YES;
				CLANG_WARN_NON_LITERAL_NULL_CONVERSION = YES;
				CLANG_WARN_OBJC_IMPLICIT_RETAIN_SELF = YES;
				CLANG_WARN_OBJC_LITERAL_CONVERSION = YES;
				CLANG_WARN_OBJC_ROOT_CLASS = YES_ERROR;
				CLANG_WARN_QUOTED_INCLUDE_IN_FRAMEWORK_HEADER = YES;
				CLANG_WARN_RANGE_LOOP_ANALYSIS = YES;
				CLANG_WARN_STRICT_PROTOTYPES = YES;
				CLANG_WARN_SUSPICIOUS_MOVE = YES;
				CLANG_WARN_UNGUARDED_AVAILABILITY = YES_AGGRESSIVE;
				CLANG_WARN_UNREACHABLE_CODE = YES;
				CLANG_WARN__DUPLICATE_METHOD_MATCH = YES;
				COPY_PHASE_STRIP = NO;
				DEBUG_INFORMATION_FORMAT = dwarf;
				ENABLE_STRICT_OBJC_MSGSEND = YES;
				ENABLE_TESTABILITY = YES;
				GCC_C_LANGUAGE_STANDARD = gnu11;
				GCC_DYNAMIC_NO_PIC = NO;
				GCC_NO_COMMON_BLOCKS = YES;
				GCC_OPTIMIZATION_LEVEL = 0;
				GCC_PREPROCESSOR_DEFINITIONS = (
					"DEBUG=1",
					"$(inherited)",
				);
				GCC_WARN_64_TO_32_BIT_CONVERSION = YES;
				GCC_WARN_ABOUT_RETURN_TYPE = YES_ERROR;
				GCC_WARN_UNDECLARED_SELECTOR = YES;
				GCC_WARN_UNINITIALIZED_AUTOS = YES_AGGRESSIVE;
				GCC_WARN_UNUSED_FUNCTION = YES;
				GCC_WARN_UNUSED_VARIABLE = YES;
				IPHONEOS_DEPLOYMENT_TARGET = 14.5;
				MTL_ENABLE_DEBUG_INFO = INCLUDE_SOURCE;
				MTL_FAST_MATH = YES;
				ONLY_ACTIVE_ARCH = YES;
				SDKROOT = iphoneos;
				SWIFT_ACTIVE_COMPILATION_CONDITIONS = DEBUG;
				SWIFT_OPTIMIZATION_LEVEL = "-Onone";
			};
			name = Debug;
		};
		844068F8273A060300C10093 /* Release */ = {
			isa = XCBuildConfiguration;
			buildSettings = {
				ALWAYS_SEARCH_USER_PATHS = NO;
				CLANG_ANALYZER_NONNULL = YES;
				CLANG_ANALYZER_NUMBER_OBJECT_CONVERSION = YES_AGGRESSIVE;
				CLANG_CXX_LANGUAGE_STANDARD = "gnu++14";
				CLANG_CXX_LIBRARY = "libc++";
				CLANG_ENABLE_MODULES = YES;
				CLANG_ENABLE_OBJC_ARC = YES;
				CLANG_ENABLE_OBJC_WEAK = YES;
				CLANG_WARN_BLOCK_CAPTURE_AUTORELEASING = YES;
				CLANG_WARN_BOOL_CONVERSION = YES;
				CLANG_WARN_COMMA = YES;
				CLANG_WARN_CONSTANT_CONVERSION = YES;
				CLANG_WARN_DEPRECATED_OBJC_IMPLEMENTATIONS = YES;
				CLANG_WARN_DIRECT_OBJC_ISA_USAGE = YES_ERROR;
				CLANG_WARN_DOCUMENTATION_COMMENTS = YES;
				CLANG_WARN_EMPTY_BODY = YES;
				CLANG_WARN_ENUM_CONVERSION = YES;
				CLANG_WARN_INFINITE_RECURSION = YES;
				CLANG_WARN_INT_CONVERSION = YES;
				CLANG_WARN_NON_LITERAL_NULL_CONVERSION = YES;
				CLANG_WARN_OBJC_IMPLICIT_RETAIN_SELF = YES;
				CLANG_WARN_OBJC_LITERAL_CONVERSION = YES;
				CLANG_WARN_OBJC_ROOT_CLASS = YES_ERROR;
				CLANG_WARN_QUOTED_INCLUDE_IN_FRAMEWORK_HEADER = YES;
				CLANG_WARN_RANGE_LOOP_ANALYSIS = YES;
				CLANG_WARN_STRICT_PROTOTYPES = YES;
				CLANG_WARN_SUSPICIOUS_MOVE = YES;
				CLANG_WARN_UNGUARDED_AVAILABILITY = YES_AGGRESSIVE;
				CLANG_WARN_UNREACHABLE_CODE = YES;
				CLANG_WARN__DUPLICATE_METHOD_MATCH = YES;
				COPY_PHASE_STRIP = NO;
				DEBUG_INFORMATION_FORMAT = "dwarf-with-dsym";
				ENABLE_NS_ASSERTIONS = NO;
				ENABLE_STRICT_OBJC_MSGSEND = YES;
				GCC_C_LANGUAGE_STANDARD = gnu11;
				GCC_NO_COMMON_BLOCKS = YES;
				GCC_WARN_64_TO_32_BIT_CONVERSION = YES;
				GCC_WARN_ABOUT_RETURN_TYPE = YES_ERROR;
				GCC_WARN_UNDECLARED_SELECTOR = YES;
				GCC_WARN_UNINITIALIZED_AUTOS = YES_AGGRESSIVE;
				GCC_WARN_UNUSED_FUNCTION = YES;
				GCC_WARN_UNUSED_VARIABLE = YES;
				IPHONEOS_DEPLOYMENT_TARGET = 14.5;
				MTL_ENABLE_DEBUG_INFO = NO;
				MTL_FAST_MATH = YES;
				SDKROOT = iphoneos;
				SWIFT_COMPILATION_MODE = wholemodule;
				SWIFT_OPTIMIZATION_LEVEL = "-O";
				VALIDATE_PRODUCT = YES;
			};
			name = Release;
		};
		844068FA273A060300C10093 /* Debug */ = {
			isa = XCBuildConfiguration;
			buildSettings = {
				ASSETCATALOG_COMPILER_APPICON_NAME = AppIcon;
				ASSETCATALOG_COMPILER_GLOBAL_ACCENT_COLOR_NAME = AccentColor;
				CODE_SIGN_STYLE = Automatic;
				DEVELOPMENT_ASSET_PATHS = "\"TouchDown/Preview Content\"";
				DEVELOPMENT_TEAM = YL2SF32367;
				ENABLE_PREVIEWS = YES;
				INFOPLIST_FILE = TouchDown/Info.plist;
				IPHONEOS_DEPLOYMENT_TARGET = 14.0;
				LD_RUNPATH_SEARCH_PATHS = (
					"$(inherited)",
					"@executable_path/Frameworks",
				);
				PRODUCT_BUNDLE_IDENTIFIER = jaime.uribe.com.TouchDown;
				PRODUCT_NAME = "$(TARGET_NAME)";
				SWIFT_VERSION = 5.0;
				TARGETED_DEVICE_FAMILY = "1,2";
			};
			name = Debug;
		};
		844068FB273A060300C10093 /* Release */ = {
			isa = XCBuildConfiguration;
			buildSettings = {
				ASSETCATALOG_COMPILER_APPICON_NAME = AppIcon;
				ASSETCATALOG_COMPILER_GLOBAL_ACCENT_COLOR_NAME = AccentColor;
				CODE_SIGN_STYLE = Automatic;
				DEVELOPMENT_ASSET_PATHS = "\"TouchDown/Preview Content\"";
				DEVELOPMENT_TEAM = YL2SF32367;
				ENABLE_PREVIEWS = YES;
				INFOPLIST_FILE = TouchDown/Info.plist;
				IPHONEOS_DEPLOYMENT_TARGET = 14.0;
				LD_RUNPATH_SEARCH_PATHS = (
					"$(inherited)",
					"@executable_path/Frameworks",
				);
				PRODUCT_BUNDLE_IDENTIFIER = jaime.uribe.com.TouchDown;
				PRODUCT_NAME = "$(TARGET_NAME)";
				SWIFT_VERSION = 5.0;
				TARGETED_DEVICE_FAMILY = "1,2";
			};
			name = Release;
		};
		844068FD273A060300C10093 /* Debug */ = {
			isa = XCBuildConfiguration;
			buildSettings = {
				ALWAYS_EMBED_SWIFT_STANDARD_LIBRARIES = YES;
				BUNDLE_LOADER = "$(TEST_HOST)";
				CODE_SIGN_STYLE = Automatic;
				DEVELOPMENT_TEAM = YL2SF32367;
				INFOPLIST_FILE = TouchDownTests/Info.plist;
				IPHONEOS_DEPLOYMENT_TARGET = 14.0;
				LD_RUNPATH_SEARCH_PATHS = (
					"$(inherited)",
					"@executable_path/Frameworks",
					"@loader_path/Frameworks",
				);
				PRODUCT_BUNDLE_IDENTIFIER = jaime.uribe.com.TouchDownTests;
				PRODUCT_NAME = "$(TARGET_NAME)";
				SWIFT_VERSION = 5.0;
				TARGETED_DEVICE_FAMILY = "1,2";
				TEST_HOST = "$(BUILT_PRODUCTS_DIR)/TouchDown.app/TouchDown";
			};
			name = Debug;
		};
		844068FE273A060300C10093 /* Release */ = {
			isa = XCBuildConfiguration;
			buildSettings = {
				ALWAYS_EMBED_SWIFT_STANDARD_LIBRARIES = YES;
				BUNDLE_LOADER = "$(TEST_HOST)";
				CODE_SIGN_STYLE = Automatic;
				DEVELOPMENT_TEAM = YL2SF32367;
				INFOPLIST_FILE = TouchDownTests/Info.plist;
				IPHONEOS_DEPLOYMENT_TARGET = 14.0;
				LD_RUNPATH_SEARCH_PATHS = (
					"$(inherited)",
					"@executable_path/Frameworks",
					"@loader_path/Frameworks",
				);
				PRODUCT_BUNDLE_IDENTIFIER = jaime.uribe.com.TouchDownTests;
				PRODUCT_NAME = "$(TARGET_NAME)";
				SWIFT_VERSION = 5.0;
				TARGETED_DEVICE_FAMILY = "1,2";
				TEST_HOST = "$(BUILT_PRODUCTS_DIR)/TouchDown.app/TouchDown";
			};
			name = Release;
		};
		84406900273A060300C10093 /* Debug */ = {
			isa = XCBuildConfiguration;
			buildSettings = {
				ALWAYS_EMBED_SWIFT_STANDARD_LIBRARIES = YES;
				CODE_SIGN_STYLE = Automatic;
				DEVELOPMENT_TEAM = YL2SF32367;
				INFOPLIST_FILE = TouchDownUITests/Info.plist;
				LD_RUNPATH_SEARCH_PATHS = (
					"$(inherited)",
					"@executable_path/Frameworks",
					"@loader_path/Frameworks",
				);
				PRODUCT_BUNDLE_IDENTIFIER = jaime.uribe.com.TouchDownUITests;
				PRODUCT_NAME = "$(TARGET_NAME)";
				SWIFT_VERSION = 5.0;
				TARGETED_DEVICE_FAMILY = "1,2";
				TEST_TARGET_NAME = TouchDown;
			};
			name = Debug;
		};
		84406901273A060300C10093 /* Release */ = {
			isa = XCBuildConfiguration;
			buildSettings = {
				ALWAYS_EMBED_SWIFT_STANDARD_LIBRARIES = YES;
				CODE_SIGN_STYLE = Automatic;
				DEVELOPMENT_TEAM = YL2SF32367;
				INFOPLIST_FILE = TouchDownUITests/Info.plist;
				LD_RUNPATH_SEARCH_PATHS = (
					"$(inherited)",
					"@executable_path/Frameworks",
					"@loader_path/Frameworks",
				);
				PRODUCT_BUNDLE_IDENTIFIER = jaime.uribe.com.TouchDownUITests;
				PRODUCT_NAME = "$(TARGET_NAME)";
				SWIFT_VERSION = 5.0;
				TARGETED_DEVICE_FAMILY = "1,2";
				TEST_TARGET_NAME = TouchDown;
			};
			name = Release;
		};
/* End XCBuildConfiguration section */

/* Begin XCConfigurationList section */
		844068CF273A060100C10093 /* Build configuration list for PBXProject "TouchDown" */ = {
			isa = XCConfigurationList;
			buildConfigurations = (
				844068F7273A060300C10093 /* Debug */,
				844068F8273A060300C10093 /* Release */,
			);
			defaultConfigurationIsVisible = 0;
			defaultConfigurationName = Release;
		};
		844068F9273A060300C10093 /* Build configuration list for PBXNativeTarget "TouchDown" */ = {
			isa = XCConfigurationList;
			buildConfigurations = (
				844068FA273A060300C10093 /* Debug */,
				844068FB273A060300C10093 /* Release */,
			);
			defaultConfigurationIsVisible = 0;
			defaultConfigurationName = Release;
		};
		844068FC273A060300C10093 /* Build configuration list for PBXNativeTarget "TouchDownTests" */ = {
			isa = XCConfigurationList;
			buildConfigurations = (
				844068FD273A060300C10093 /* Debug */,
				844068FE273A060300C10093 /* Release */,
			);
			defaultConfigurationIsVisible = 0;
			defaultConfigurationName = Release;
		};
		844068FF273A060300C10093 /* Build configuration list for PBXNativeTarget "TouchDownUITests" */ = {
			isa = XCConfigurationList;
			buildConfigurations = (
				84406900273A060300C10093 /* Debug */,
				84406901273A060300C10093 /* Release */,
			);
			defaultConfigurationIsVisible = 0;
			defaultConfigurationName = Release;
		};
/* End XCConfigurationList section */
	};
	rootObject = 844068CC273A060100C10093 /* Project object */;
}
